
Microsoft Visual Studio Solution File, Format Version 12.00
# Visual Studio 15
VisualStudioVersion = 15.0.27130.2024
MinimumVisualStudioVersion = 10.0.40219.1
Project("{FAE04EC0-301F-11D3-BF4B-00C04F79EFBC}") = "DemoGitFromVS", "DemoGitFromVS\DemoGitFromVS.csproj", "{CF2D3E58-52E9-43E6-9B2E-A927733434F7}"
EndProject
Global
	GlobalSection(SolutionConfigurationPlatforms) = preSolution
		Debug|Any CPU = Debug|Any CPU
		Release|Any CPU = Release|Any CPU
	EndGlobalSection
	GlobalSection(ProjectConfigurationPlatforms) = postSolution
		{CF2D3E58-52E9-43E6-9B2E-A927733434F7}.Debug|Any CPU.ActiveCfg = Debug|Any CPU
		{CF2D3E58-52E9-43E6-9B2E-A927733434F7}.Debug|Any CPU.Build.0 = Debug|Any CPU
		{CF2D3E58-52E9-43E6-9B2E-A927733434F7}.Release|Any CPU.ActiveCfg = Release|Any CPU
		{CF2D3E58-52E9-43E6-9B2E-A927733434F7}.Release|Any CPU.Build.0 = Release|Any CPU
	EndGlobalSection
	GlobalSection(SolutionProperties) = preSolution
		HideSolutionNode = FALSE
	EndGlobalSection
	GlobalSection(ExtensibilityGlobals) = postSolution
		SolutionGuid = {61B64608-BC30-4EBD-8160-9278D0C788C5}
	EndGlobalSection
EndGlobal
